
Microsoft Visual Studio Solution File, Format Version 12.00
# Visual Studio 15
VisualStudioVersion = 15.0.27130.2020
MinimumVisualStudioVersion = 10.0.40219.1
Project("{9A19103F-16F7-4668-BE54-9A1E7A4F7556}") = "QuestServer", "QuestServer\QuestServer.csproj", "{4E6A848F-8F64-4297-BD63-E2D11053EDC6}"
EndProject
Project("{FAE04EC0-301F-11D3-BF4B-00C04F79EFBC}") = "UnitTests", "UnitTests\UnitTests.csproj", "{E633DBD8-5B90-4813-9136-07D5D48AFB80}"
	ProjectSection(ProjectDependencies) = postProject
		{4E6A848F-8F64-4297-BD63-E2D11053EDC6} = {4E6A848F-8F64-4297-BD63-E2D11053EDC6}
	EndProjectSection
EndProject
Global
	GlobalSection(SolutionConfigurationPlatforms) = preSolution
		Debug|Any CPU = Debug|Any CPU
		Release|Any CPU = Release|Any CPU
	EndGlobalSection
	GlobalSection(ProjectConfigurationPlatforms) = postSolution
		{4E6A848F-8F64-4297-BD63-E2D11053EDC6}.Debug|Any CPU.ActiveCfg = Debug|Any CPU
		{4E6A848F-8F64-4297-BD63-E2D11053EDC6}.Debug|Any CPU.Build.0 = Debug|Any CPU
		{4E6A848F-8F64-4297-BD63-E2D11053EDC6}.Release|Any CPU.ActiveCfg = Release|Any CPU
		{4E6A848F-8F64-4297-BD63-E2D11053EDC6}.Release|Any CPU.Build.0 = Release|Any CPU
		{E633DBD8-5B90-4813-9136-07D5D48AFB80}.Debug|Any CPU.ActiveCfg = Debug|Any CPU
		{E633DBD8-5B90-4813-9136-07D5D48AFB80}.Debug|Any CPU.Build.0 = Debug|Any CPU
		{E633DBD8-5B90-4813-9136-07D5D48AFB80}.Release|Any CPU.ActiveCfg = Release|Any CPU
		{E633DBD8-5B90-4813-9136-07D5D48AFB80}.Release|Any CPU.Build.0 = Release|Any CPU
	EndGlobalSection
	GlobalSection(SolutionProperties) = preSolution
		HideSolutionNode = FALSE
	EndGlobalSection
	GlobalSection(ExtensibilityGlobals) = postSolution
		SolutionGuid = {60CBAF15-2C78-40CB-A437-EAAEBE75EA5E}
	EndGlobalSection
EndGlobal
